
Microsoft Visual Studio Solution File, Format Version 12.00
# Visual Studio 14
VisualStudioVersion = 14.0.25420.1
MinimumVisualStudioVersion = 10.0.40219.1
Project("{FAE04EC0-301F-11D3-BF4B-00C04F79EFBC}") = "CodeFirst", "CodeFirst\CodeFirst.csproj", "{127FD0E5-6DFC-4AF6-ADBC-41F3A8970B86}"
EndProject
Project("{FAE04EC0-301F-11D3-BF4B-00C04F79EFBC}") = "CodeFirstExistingDataBase", "CodeFirstExistingDataBase\CodeFirstExistingDataBase.csproj", "{4C75F041-F699-4DF8-A022-202AB8239755}"
EndProject
Project("{FAE04EC0-301F-11D3-BF4B-00C04F79EFBC}") = "DataAnnotations", "DataAnnotations\DataAnnotations.csproj", "{E682C0DD-D5A8-42DC-985B-70EF888AD22B}"
EndProject
Project("{FAE04EC0-301F-11D3-BF4B-00C04F79EFBC}") = "FluentAPI", "FluentAPI\FluentAPI.csproj", "{666E2961-208C-436A-8971-E9680F849EC3}"
EndProject
Global
	GlobalSection(SolutionConfigurationPlatforms) = preSolution
		Debug|Any CPU = Debug|Any CPU
		Release|Any CPU = Release|Any CPU
	EndGlobalSection
	GlobalSection(ProjectConfigurationPlatforms) = postSolution
		{127FD0E5-6DFC-4AF6-ADBC-41F3A8970B86}.Debug|Any CPU.ActiveCfg = Debug|Any CPU
		{127FD0E5-6DFC-4AF6-ADBC-41F3A8970B86}.Debug|Any CPU.Build.0 = Debug|Any CPU
		{127FD0E5-6DFC-4AF6-ADBC-41F3A8970B86}.Release|Any CPU.ActiveCfg = Release|Any CPU
		{127FD0E5-6DFC-4AF6-ADBC-41F3A8970B86}.Release|Any CPU.Build.0 = Release|Any CPU
		{4C75F041-F699-4DF8-A022-202AB8239755}.Debug|Any CPU.ActiveCfg = Debug|Any CPU
		{4C75F041-F699-4DF8-A022-202AB8239755}.Debug|Any CPU.Build.0 = Debug|Any CPU
		{4C75F041-F699-4DF8-A022-202AB8239755}.Release|Any CPU.ActiveCfg = Release|Any CPU
		{4C75F041-F699-4DF8-A022-202AB8239755}.Release|Any CPU.Build.0 = Release|Any CPU
		{E682C0DD-D5A8-42DC-985B-70EF888AD22B}.Debug|Any CPU.ActiveCfg = Debug|Any CPU
		{E682C0DD-D5A8-42DC-985B-70EF888AD22B}.Debug|Any CPU.Build.0 = Debug|Any CPU
		{E682C0DD-D5A8-42DC-985B-70EF888AD22B}.Release|Any CPU.ActiveCfg = Release|Any CPU
		{E682C0DD-D5A8-42DC-985B-70EF888AD22B}.Release|Any CPU.Build.0 = Release|Any CPU
		{666E2961-208C-436A-8971-E9680F849EC3}.Debug|Any CPU.ActiveCfg = Debug|Any CPU
		{666E2961-208C-436A-8971-E9680F849EC3}.Debug|Any CPU.Build.0 = Debug|Any CPU
		{666E2961-208C-436A-8971-E9680F849EC3}.Release|Any CPU.ActiveCfg = Release|Any CPU
		{666E2961-208C-436A-8971-E9680F849EC3}.Release|Any CPU.Build.0 = Release|Any CPU
	EndGlobalSection
	GlobalSection(SolutionProperties) = preSolution
		HideSolutionNode = FALSE
	EndGlobalSection
EndGlobal
